# This file is automatically @generated by Cargo.
# It is not intended for manual editing.
version = 4

[[package]]
name = "sil-codegen"
version = "0.1.0"
dependencies = [
 "sil-core",
]

[[package]]
name = "sil-core"
version = "0.1.0"

[[package]]
name = "sil-ipc"
version = "0.1.0"

[[package]]
name = "sil-lexer"
version = "0.1.0"

[[package]]
name = "sil-parser"
version = "0.1.0"
dependencies = [
 "sil-core",
 "sil-lexer",
]

[[package]]
name = "sil-router"
version = "0.1.0"
dependencies = [
 "sil-core",
]

[[package]]
name = "silc"
version = "0.1.0"
dependencies = [
 "sil-codegen",
 "sil-core",
 "sil-ipc",
 "sil-lexer",
 "sil-parser",
 "sil-router",
]
